
Microsoft Visual Studio Solution File, Format Version 12.00
# Visual Studio Version 17
VisualStudioVersion = 17.5.33516.290
MinimumVisualStudioVersion = 10.0.40219.1
Project("{FAE04EC0-301F-11D3-BF4B-00C04F79EFBC}") = "wp09_caliburnApp", "wp09_caliburnApp\wp09_caliburnApp.csproj", "{1034D7E6-C692-4DD8-9BBE-1E460E382F7E}"
EndProject
Project("{FAE04EC0-301F-11D3-BF4B-00C04F79EFBC}") = "wp08_personalInfoApp", "wp08_personalInfoApp\wp08_personalInfoApp.csproj", "{62B13247-945B-42E3-BF60-281C989AD598}"
EndProject
Project("{FAE04EC0-301F-11D3-BF4B-00C04F79EFBC}") = "wp10_employeesApp", "wp10_employeesApp\wp10_employeesApp.csproj", "{E88973C5-9E57-4960-A859-24A50269738E}"
EndProject
Global
	GlobalSection(SolutionConfigurationPlatforms) = preSolution
		Debug|Any CPU = Debug|Any CPU
		Release|Any CPU = Release|Any CPU
	EndGlobalSection
	GlobalSection(ProjectConfigurationPlatforms) = postSolution
		{1034D7E6-C692-4DD8-9BBE-1E460E382F7E}.Debug|Any CPU.ActiveCfg = Debug|Any CPU
		{1034D7E6-C692-4DD8-9BBE-1E460E382F7E}.Debug|Any CPU.Build.0 = Debug|Any CPU
		{1034D7E6-C692-4DD8-9BBE-1E460E382F7E}.Release|Any CPU.ActiveCfg = Release|Any CPU
		{1034D7E6-C692-4DD8-9BBE-1E460E382F7E}.Release|Any CPU.Build.0 = Release|Any CPU
		{62B13247-945B-42E3-BF60-281C989AD598}.Debug|Any CPU.ActiveCfg = Debug|Any CPU
		{62B13247-945B-42E3-BF60-281C989AD598}.Debug|Any CPU.Build.0 = Debug|Any CPU
		{62B13247-945B-42E3-BF60-281C989AD598}.Release|Any CPU.ActiveCfg = Release|Any CPU
		{62B13247-945B-42E3-BF60-281C989AD598}.Release|Any CPU.Build.0 = Release|Any CPU
		{E88973C5-9E57-4960-A859-24A50269738E}.Debug|Any CPU.ActiveCfg = Debug|Any CPU
		{E88973C5-9E57-4960-A859-24A50269738E}.Debug|Any CPU.Build.0 = Debug|Any CPU
		{E88973C5-9E57-4960-A859-24A50269738E}.Release|Any CPU.ActiveCfg = Release|Any CPU
		{E88973C5-9E57-4960-A859-24A50269738E}.Release|Any CPU.Build.0 = Release|Any CPU
	EndGlobalSection
	GlobalSection(SolutionProperties) = preSolution
		HideSolutionNode = FALSE
	EndGlobalSection
	GlobalSection(ExtensibilityGlobals) = postSolution
		SolutionGuid = {0CA86988-0A10-4A9C-8BA4-439772F19962}
	EndGlobalSection
EndGlobal
